
Microsoft Visual Studio Solution File, Format Version 12.00
# Visual Studio Version 17
VisualStudioVersion = 17.4.33403.182
MinimumVisualStudioVersion = 10.0.40219.1
Project("{9A19103F-16F7-4668-BE54-9A1E7A4F7556}") = "Core", "Core\Core.csproj", "{18892814-3CD5-4073-832E-425792703AC8}"
EndProject
Project("{9A19103F-16F7-4668-BE54-9A1E7A4F7556}") = "Database", "Database\Database.csproj", "{15EFB114-B7B1-4399-8BB2-1395D8124264}"
EndProject
Global
	GlobalSection(SolutionConfigurationPlatforms) = preSolution
		Debug|Any CPU = Debug|Any CPU
		Release|Any CPU = Release|Any CPU
	EndGlobalSection
	GlobalSection(ProjectConfigurationPlatforms) = postSolution
		{18892814-3CD5-4073-832E-425792703AC8}.Debug|Any CPU.ActiveCfg = Debug|Any CPU
		{18892814-3CD5-4073-832E-425792703AC8}.Debug|Any CPU.Build.0 = Debug|Any CPU
		{18892814-3CD5-4073-832E-425792703AC8}.Release|Any CPU.ActiveCfg = Release|Any CPU
		{18892814-3CD5-4073-832E-425792703AC8}.Release|Any CPU.Build.0 = Release|Any CPU
		{15EFB114-B7B1-4399-8BB2-1395D8124264}.Debug|Any CPU.ActiveCfg = Debug|Any CPU
		{15EFB114-B7B1-4399-8BB2-1395D8124264}.Debug|Any CPU.Build.0 = Debug|Any CPU
		{15EFB114-B7B1-4399-8BB2-1395D8124264}.Release|Any CPU.ActiveCfg = Release|Any CPU
		{15EFB114-B7B1-4399-8BB2-1395D8124264}.Release|Any CPU.Build.0 = Release|Any CPU
	EndGlobalSection
	GlobalSection(SolutionProperties) = preSolution
		HideSolutionNode = FALSE
	EndGlobalSection
	GlobalSection(ExtensibilityGlobals) = postSolution
		SolutionGuid = {ED5B03EC-11F2-4A02-82BE-2D985313FFA0}
	EndGlobalSection
EndGlobal
